
Microsoft Visual Studio Solution File, Format Version 12.00
# Visual Studio Version 16
VisualStudioVersion = 16.0.32228.343
MinimumVisualStudioVersion = 10.0.40219.1
Project("{8BC9CEB8-8B4A-11D0-8D11-00A0C91BC942}") = "IGlaba2!", "IGlaba2!\IGlaba2!.vcxproj", "{4FCB20ED-4F7B-4F5B-BBAF-9C3A452BBA67}"
EndProject
Global
	GlobalSection(SolutionConfigurationPlatforms) = preSolution
		Debug|x64 = Debug|x64
		Debug|x86 = Debug|x86
		Release|x64 = Release|x64
		Release|x86 = Release|x86
	EndGlobalSection
	GlobalSection(ProjectConfigurationPlatforms) = postSolution
		{4FCB20ED-4F7B-4F5B-BBAF-9C3A452BBA67}.Debug|x64.ActiveCfg = Debug|x64
		{4FCB20ED-4F7B-4F5B-BBAF-9C3A452BBA67}.Debug|x64.Build.0 = Debug|x64
		{4FCB20ED-4F7B-4F5B-BBAF-9C3A452BBA67}.Debug|x86.ActiveCfg = Debug|Win32
		{4FCB20ED-4F7B-4F5B-BBAF-9C3A452BBA67}.Debug|x86.Build.0 = Debug|Win32
		{4FCB20ED-4F7B-4F5B-BBAF-9C3A452BBA67}.Release|x64.ActiveCfg = Release|x64
		{4FCB20ED-4F7B-4F5B-BBAF-9C3A452BBA67}.Release|x64.Build.0 = Release|x64
		{4FCB20ED-4F7B-4F5B-BBAF-9C3A452BBA67}.Release|x86.ActiveCfg = Release|Win32
		{4FCB20ED-4F7B-4F5B-BBAF-9C3A452BBA67}.Release|x86.Build.0 = Release|Win32
	EndGlobalSection
	GlobalSection(SolutionProperties) = preSolution
		HideSolutionNode = FALSE
	EndGlobalSection
	GlobalSection(ExtensibilityGlobals) = postSolution
		SolutionGuid = {7D9E6200-C185-408E-9CE0-E2CE84362D2A}
	EndGlobalSection
EndGlobal
